
Microsoft Visual Studio Solution File, Format Version 12.00
# Visual Studio Version 17
VisualStudioVersion = 17.5.33530.505
MinimumVisualStudioVersion = 10.0.40219.1
Project("{FAE04EC0-301F-11D3-BF4B-00C04F79EFBC}") = "EFCorePeliculas", "EFCorePeliculas\EFCorePeliculas.csproj", "{D9192D78-DE44-4E43-B368-125EC4A7B738}"
EndProject
Global
	GlobalSection(SolutionConfigurationPlatforms) = preSolution
		Debug|Any CPU = Debug|Any CPU
		Release|Any CPU = Release|Any CPU
	EndGlobalSection
	GlobalSection(ProjectConfigurationPlatforms) = postSolution
		{D9192D78-DE44-4E43-B368-125EC4A7B738}.Debug|Any CPU.ActiveCfg = Debug|Any CPU
		{D9192D78-DE44-4E43-B368-125EC4A7B738}.Debug|Any CPU.Build.0 = Debug|Any CPU
		{D9192D78-DE44-4E43-B368-125EC4A7B738}.Release|Any CPU.ActiveCfg = Release|Any CPU
		{D9192D78-DE44-4E43-B368-125EC4A7B738}.Release|Any CPU.Build.0 = Release|Any CPU
	EndGlobalSection
	GlobalSection(SolutionProperties) = preSolution
		HideSolutionNode = FALSE
	EndGlobalSection
	GlobalSection(ExtensibilityGlobals) = postSolution
		SolutionGuid = {6E6973A0-E584-44D4-9D56-FC9071A33935}
	EndGlobalSection
EndGlobal
